
Microsoft Visual Studio Solution File, Format Version 12.00
# Visual Studio 15
VisualStudioVersion = 15.0.25807.0
MinimumVisualStudioVersion = 10.0.40219.1
Project("{2150E333-8FDC-42A3-9474-1A3956D46DE8}") = "Engine", "Engine", "{6EDA8CC2-054D-422B-A530-8AA31733AF9E}"
EndProject
Project("{2150E333-8FDC-42A3-9474-1A3956D46DE8}") = "Games", "Games", "{3B004A68-081F-4F9F-8963-8377E2F03C21}"
EndProject
Project("{8BC9CEB8-8B4A-11D0-8D11-00A0C91BC942}") = "UE4", "Intermediate\ProjectFiles\UE4.vcxproj", "{B893E6CA-3C53-41CB-BD0F-9BD429435F44}"
EndProject
Project("{8BC9CEB8-8B4A-11D0-8D11-00A0C91BC942}") = "BuildingEscape", "Intermediate\ProjectFiles\BuildingEscape.vcxproj", "{EA464E12-73C4-4709-AC68-E772EA8D1738}"
EndProject
Global
	GlobalSection(SolutionConfigurationPlatforms) = preSolution
		DebugGame Editor|HTML5 = DebugGame Editor|HTML5
		DebugGame Editor|Win32 = DebugGame Editor|Win32
		DebugGame Editor|Win64 = DebugGame Editor|Win64
		DebugGame|HTML5 = DebugGame|HTML5
		DebugGame|Win32 = DebugGame|Win32
		DebugGame|Win64 = DebugGame|Win64
		Development Editor|HTML5 = Development Editor|HTML5
		Development Editor|Win32 = Development Editor|Win32
		Development Editor|Win64 = Development Editor|Win64
		Development|HTML5 = Development|HTML5
		Development|Win32 = Development|Win32
		Development|Win64 = Development|Win64
		Shipping|HTML5 = Shipping|HTML5
		Shipping|Win32 = Shipping|Win32
		Shipping|Win64 = Shipping|Win64
	EndGlobalSection
	GlobalSection(ProjectConfigurationPlatforms) = postSolution
		{B893E6CA-3C53-41CB-BD0F-9BD429435F44}.DebugGame Editor|HTML5.ActiveCfg = BuiltWithUnrealBuildTool|Win32
		{B893E6CA-3C53-41CB-BD0F-9BD429435F44}.DebugGame Editor|HTML5.Build.0 = BuiltWithUnrealBuildTool|Win32
		{B893E6CA-3C53-41CB-BD0F-9BD429435F44}.DebugGame Editor|Win32.ActiveCfg = BuiltWithUnrealBuildTool|Win32
		{B893E6CA-3C53-41CB-BD0F-9BD429435F44}.DebugGame Editor|Win32.Build.0 = BuiltWithUnrealBuildTool|Win32
		{B893E6CA-3C53-41CB-BD0F-9BD429435F44}.DebugGame Editor|Win64.ActiveCfg = BuiltWithUnrealBuildTool|Win32
		{B893E6CA-3C53-41CB-BD0F-9BD429435F44}.DebugGame Editor|Win64.Build.0 = BuiltWithUnrealBuildTool|Win32
		{B893E6CA-3C53-41CB-BD0F-9BD429435F44}.DebugGame|HTML5.ActiveCfg = BuiltWithUnrealBuildTool|Win32
		{B893E6CA-3C53-41CB-BD0F-9BD429435F44}.DebugGame|HTML5.Build.0 = BuiltWithUnrealBuildTool|Win32
		{B893E6CA-3C53-41CB-BD0F-9BD429435F44}.DebugGame|Win32.ActiveCfg = BuiltWithUnrealBuildTool|Win32
		{B893E6CA-3C53-41CB-BD0F-9BD429435F44}.DebugGame|Win32.Build.0 = BuiltWithUnrealBuildTool|Win32
		{B893E6CA-3C53-41CB-BD0F-9BD429435F44}.DebugGame|Win64.ActiveCfg = BuiltWithUnrealBuildTool|Win32
		{B893E6CA-3C53-41CB-BD0F-9BD429435F44}.DebugGame|Win64.Build.0 = BuiltWithUnrealBuildTool|Win32
		{B893E6CA-3C53-41CB-BD0F-9BD429435F44}.Development Editor|HTML5.ActiveCfg = BuiltWithUnrealBuildTool|Win32
		{B893E6CA-3C53-41CB-BD0F-9BD429435F44}.Development Editor|HTML5.Build.0 = BuiltWithUnrealBuildTool|Win32
		{B893E6CA-3C53-41CB-BD0F-9BD429435F44}.Development Editor|Win32.ActiveCfg = BuiltWithUnrealBuildTool|Win32
		{B893E6CA-3C53-41CB-BD0F-9BD429435F44}.Development Editor|Win32.Build.0 = BuiltWithUnrealBuildTool|Win32
		{B893E6CA-3C53-41CB-BD0F-9BD429435F44}.Development Editor|Win64.ActiveCfg = BuiltWithUnrealBuildTool|Win32
		{B893E6CA-3C53-41CB-BD0F-9BD429435F44}.Development Editor|Win64.Build.0 = BuiltWithUnrealBuildTool|Win32
		{B893E6CA-3C53-41CB-BD0F-9BD429435F44}.Development|HTML5.ActiveCfg = BuiltWithUnrealBuildTool|Win32
		{B893E6CA-3C53-41CB-BD0F-9BD429435F44}.Development|HTML5.Build.0 = BuiltWithUnrealBuildTool|Win32
		{B893E6CA-3C53-41CB-BD0F-9BD429435F44}.Development|Win32.ActiveCfg = BuiltWithUnrealBuildTool|Win32
		{B893E6CA-3C53-41CB-BD0F-9BD429435F44}.Development|Win32.Build.0 = BuiltWithUnrealBuildTool|Win32
		{B893E6CA-3C53-41CB-BD0F-9BD429435F44}.Development|Win64.ActiveCfg = BuiltWithUnrealBuildTool|Win32
		{B893E6CA-3C53-41CB-BD0F-9BD429435F44}.Development|Win64.Build.0 = BuiltWithUnrealBuildTool|Win32
		{B893E6CA-3C53-41CB-BD0F-9BD429435F44}.Shipping|HTML5.ActiveCfg = BuiltWithUnrealBuildTool|Win32
		{B893E6CA-3C53-41CB-BD0F-9BD429435F44}.Shipping|HTML5.Build.0 = BuiltWithUnrealBuildTool|Win32
		{B893E6CA-3C53-41CB-BD0F-9BD429435F44}.Shipping|Win32.ActiveCfg = BuiltWithUnrealBuildTool|Win32
		{B893E6CA-3C53-41CB-BD0F-9BD429435F44}.Shipping|Win32.Build.0 = BuiltWithUnrealBuildTool|Win32
		{B893E6CA-3C53-41CB-BD0F-9BD429435F44}.Shipping|Win64.ActiveCfg = BuiltWithUnrealBuildTool|Win32
		{B893E6CA-3C53-41CB-BD0F-9BD429435F44}.Shipping|Win64.Build.0 = BuiltWithUnrealBuildTool|Win32
		{EA464E12-73C4-4709-AC68-E772EA8D1738}.DebugGame Editor|HTML5.ActiveCfg = HTML5_DebugGame_Editor|Win32
		{EA464E12-73C4-4709-AC68-E772EA8D1738}.DebugGame Editor|Win32.ActiveCfg = DebugGame_Editor|Win32
		{EA464E12-73C4-4709-AC68-E772EA8D1738}.DebugGame Editor|Win64.ActiveCfg = DebugGame_Editor|x64
		{EA464E12-73C4-4709-AC68-E772EA8D1738}.DebugGame Editor|Win64.Build.0 = DebugGame_Editor|x64
		{EA464E12-73C4-4709-AC68-E772EA8D1738}.DebugGame|HTML5.ActiveCfg = HTML5_DebugGame_Game|Win32
		{EA464E12-73C4-4709-AC68-E772EA8D1738}.DebugGame|HTML5.Build.0 = HTML5_DebugGame_Game|Win32
		{EA464E12-73C4-4709-AC68-E772EA8D1738}.DebugGame|Win32.ActiveCfg = DebugGame_Game|Win32
		{EA464E12-73C4-4709-AC68-E772EA8D1738}.DebugGame|Win32.Build.0 = DebugGame_Game|Win32
		{EA464E12-73C4-4709-AC68-E772EA8D1738}.DebugGame|Win64.ActiveCfg = DebugGame_Game|x64
		{EA464E12-73C4-4709-AC68-E772EA8D1738}.DebugGame|Win64.Build.0 = DebugGame_Game|x64
		{EA464E12-73C4-4709-AC68-E772EA8D1738}.Development Editor|HTML5.ActiveCfg = HTML5_Development_Editor|Win32
		{EA464E12-73C4-4709-AC68-E772EA8D1738}.Development Editor|Win32.ActiveCfg = Development_Editor|Win32
		{EA464E12-73C4-4709-AC68-E772EA8D1738}.Development Editor|Win64.ActiveCfg = Development_Editor|x64
		{EA464E12-73C4-4709-AC68-E772EA8D1738}.Development Editor|Win64.Build.0 = Development_Editor|x64
		{EA464E12-73C4-4709-AC68-E772EA8D1738}.Development|HTML5.ActiveCfg = HTML5_Development_Game|Win32
		{EA464E12-73C4-4709-AC68-E772EA8D1738}.Development|HTML5.Build.0 = HTML5_Development_Game|Win32
		{EA464E12-73C4-4709-AC68-E772EA8D1738}.Development|Win32.ActiveCfg = Development_Game|Win32
		{EA464E12-73C4-4709-AC68-E772EA8D1738}.Development|Win32.Build.0 = Development_Game|Win32
		{EA464E12-73C4-4709-AC68-E772EA8D1738}.Development|Win64.ActiveCfg = Development_Game|x64
		{EA464E12-73C4-4709-AC68-E772EA8D1738}.Development|Win64.Build.0 = Development_Game|x64
		{EA464E12-73C4-4709-AC68-E772EA8D1738}.Shipping|HTML5.ActiveCfg = HTML5_Shipping_Game|Win32
		{EA464E12-73C4-4709-AC68-E772EA8D1738}.Shipping|HTML5.Build.0 = HTML5_Shipping_Game|Win32
		{EA464E12-73C4-4709-AC68-E772EA8D1738}.Shipping|Win32.ActiveCfg = Shipping_Game|Win32
		{EA464E12-73C4-4709-AC68-E772EA8D1738}.Shipping|Win32.Build.0 = Shipping_Game|Win32
		{EA464E12-73C4-4709-AC68-E772EA8D1738}.Shipping|Win64.ActiveCfg = Shipping_Game|x64
		{EA464E12-73C4-4709-AC68-E772EA8D1738}.Shipping|Win64.Build.0 = Shipping_Game|x64
	EndGlobalSection
	GlobalSection(SolutionProperties) = preSolution
		HideSolutionNode = FALSE
	EndGlobalSection
	GlobalSection(NestedProjects) = preSolution
		{B893E6CA-3C53-41CB-BD0F-9BD429435F44} = {6EDA8CC2-054D-422B-A530-8AA31733AF9E}
		{EA464E12-73C4-4709-AC68-E772EA8D1738} = {3B004A68-081F-4F9F-8963-8377E2F03C21}
	EndGlobalSection
	GlobalSection(ExtensibilityGlobals) = postSolution
		SolutionGuid = {CD2632A1-0F96-42DE-AF14-FB03C6F4AA26}
	EndGlobalSection
EndGlobal
